
Microsoft Visual Studio Solution File, Format Version 12.00
# Visual Studio Version 16
VisualStudioVersion = 16.0.30011.22
MinimumVisualStudioVersion = 10.0.40219.1
Project("{2150E333-8FDC-42A3-9474-1A3956D46DE8}") = "NuGet", "NuGet", "{7777BB6E-4803-4898-8C82-A7897417B0E6}"
	ProjectSection(SolutionItems) = preProject
		..\scripts\build\SetBuildVersion.ps1 = ..\scripts\build\SetBuildVersion.ps1
	EndProjectSection
EndProject
Project("{6EC3EE1D-3C4E-46DD-8F32-0CC8E7565705}") = "Fuchu.Adapter", "Fuchu.Adapter\Fuchu.Adapter.fsproj", "{1F583D48-8771-45B4-9793-60A69DB06C61}"
EndProject
Global
	GlobalSection(SolutionConfigurationPlatforms) = preSolution
		Debug|Any CPU = Debug|Any CPU
		Release|Any CPU = Release|Any CPU
	EndGlobalSection
	GlobalSection(ProjectConfigurationPlatforms) = postSolution
		{1F583D48-8771-45B4-9793-60A69DB06C61}.Debug|Any CPU.ActiveCfg = Debug|Any CPU
		{1F583D48-8771-45B4-9793-60A69DB06C61}.Debug|Any CPU.Build.0 = Debug|Any CPU
		{1F583D48-8771-45B4-9793-60A69DB06C61}.Release|Any CPU.ActiveCfg = Release|Any CPU
		{1F583D48-8771-45B4-9793-60A69DB06C61}.Release|Any CPU.Build.0 = Release|Any CPU
	EndGlobalSection
	GlobalSection(SolutionProperties) = preSolution
		HideSolutionNode = FALSE
	EndGlobalSection
	GlobalSection(ExtensibilityGlobals) = postSolution
		SolutionGuid = {1C542A14-22D5-4938-B8C2-99837C4668D3}
	EndGlobalSection
EndGlobal
